PODS:
  - Bugsee (6.1.3)
  - composeApp (1.0-SNAPSHOT):
    - Bugsee (= 6.1.3)

DEPENDENCIES:
  - composeApp (from `../composeApp`)

SPEC REPOS:
  trunk:
    - Bugsee

EXTERNAL SOURCES:
  composeApp:
    :path: "../composeApp"

SPEC CHECKSUMS:
  Bugsee: c085916e527fe7da9cc00246ea31d64c6c353fbc
  composeApp: 33ed43d6c56a1bd13d088fd8699f7cfecff69eef

PODFILE CHECKSUM: 3f3b5ddd5d8323f619f565895b03653c146298c4

COCOAPODS: 1.16.2
