PODS:
  - Bugsee (6.1.2)
  - composeApp (1.0-SNAPSHOT):
    - Bugsee (= 6.1.2)

DEPENDENCIES:
  - composeApp (from `../composeApp`)

SPEC REPOS:
  trunk:
    - Bugsee

EXTERNAL SOURCES:
  composeApp:
    :path: "../composeApp"

SPEC CHECKSUMS:
  Bugsee: 4201b8acfccd85d6115ef777b5253dc8f9173f69
  composeApp: a9fa06b2e088cb9062d5142d334cede20c5d5b44

PODFILE CHECKSUM: 3f3b5ddd5d8323f619f565895b03653c146298c4

COCOAPODS: 1.16.2
